
Microsoft Visual Studio Solution File, Format Version 12.00
# Visual Studio Version 16
VisualStudioVersion = 16.0.30114.105
MinimumVisualStudioVersion = 10.0.40219.1
Project("{FAE04EC0-301F-11D3-BF4B-00C04F79EFBC}") = "EmployManagementApplication", "EmployManagementApplication\EmployManagementApplication.csproj", "{02166F6E-88F1-49ED-9371-7191E316CF2D}"
EndProject
Global
	GlobalSection(SolutionConfigurationPlatforms) = preSolution
		Debug|Any CPU = Debug|Any CPU
		Release|Any CPU = Release|Any CPU
	EndGlobalSection
	GlobalSection(ProjectConfigurationPlatforms) = postSolution
		{02166F6E-88F1-49ED-9371-7191E316CF2D}.Debug|Any CPU.ActiveCfg = Debug|Any CPU
		{02166F6E-88F1-49ED-9371-7191E316CF2D}.Debug|Any CPU.Build.0 = Debug|Any CPU
		{02166F6E-88F1-49ED-9371-7191E316CF2D}.Release|Any CPU.ActiveCfg = Release|Any CPU
		{02166F6E-88F1-49ED-9371-7191E316CF2D}.Release|Any CPU.Build.0 = Release|Any CPU
	EndGlobalSection
	GlobalSection(SolutionProperties) = preSolution
		HideSolutionNode = FALSE
	EndGlobalSection
	GlobalSection(ExtensibilityGlobals) = postSolution
		SolutionGuid = {B8EFB607-E845-4F50-9F51-510A25C96A46}
	EndGlobalSection
EndGlobal
